
Microsoft Visual Studio Solution File, Format Version 12.00
# Visual Studio Version 17
VisualStudioVersion = 17.3.32901.215
MinimumVisualStudioVersion = 10.0.40219.1
Project("{FAE04EC0-301F-11D3-BF4B-00C04F79EFBC}") = "GuesTheNumber", "GuesTheNumber\GuesTheNumber.csproj", "{0F2334F0-D723-4950-A25C-A4D7DDDA7EBD}"
EndProject
Global
	GlobalSection(SolutionConfigurationPlatforms) = preSolution
		Debug|Any CPU = Debug|Any CPU
		Release|Any CPU = Release|Any CPU
	EndGlobalSection
	GlobalSection(ProjectConfigurationPlatforms) = postSolution
		{0F2334F0-D723-4950-A25C-A4D7DDDA7EBD}.Debug|Any CPU.ActiveCfg = Debug|Any CPU
		{0F2334F0-D723-4950-A25C-A4D7DDDA7EBD}.Debug|Any CPU.Build.0 = Debug|Any CPU
		{0F2334F0-D723-4950-A25C-A4D7DDDA7EBD}.Release|Any CPU.ActiveCfg = Release|Any CPU
		{0F2334F0-D723-4950-A25C-A4D7DDDA7EBD}.Release|Any CPU.Build.0 = Release|Any CPU
	EndGlobalSection
	GlobalSection(SolutionProperties) = preSolution
		HideSolutionNode = FALSE
	EndGlobalSection
	GlobalSection(ExtensibilityGlobals) = postSolution
		SolutionGuid = {58890039-CB77-4C66-9B51-1194E8AA18DA}
	EndGlobalSection
EndGlobal
